// !$*UTF8*$!
{
	archiveVersion = 1;
	classes = {
	};
	objectVersion = 46;
	objects = {

/* Begin PBXBuildFile section */
		63F156871EAE16A20066BDBB /* AppDelegate.swift in Sources */ = {isa = PBXBuildFile; fileRef = 63F156861EAE16A20066BDBB /* AppDelegate.swift */; };
		63F156891EAE16A20066BDBB /* ViewController.swift in Sources */ = {isa = PBXBuildFile; fileRef = 63F156881EAE16A20066BDBB /* ViewController.swift */; };
		63F1568C1EAE16A20066BDBB /* Main.storyboard in Resources */ = {isa = PBXBuildFile; fileRef = 63F1568A1EAE16A20066BDBB /* Main.storyboard */; };
		63F1568E1EAE16A30066BDBB /* Assets.xcassets in Resources */ = {isa = PBXBuildFile; fileRef = 63F1568D1EAE16A30066BDBB /* Assets.xcassets */; };
		63F156911EAE16A30066BDBB /* LaunchScreen.storyboard in Resources */ = {isa = PBXBuildFile; fileRef = 63F1568F1EAE16A30066BDBB /* LaunchScreen.storyboard */; };
		63F1569C1EAE16A30066BDBB /* GovindarajanRakshana_hw9Tests.swift in Sources */ = {isa = PBXBuildFile; fileRef = 63F1569B1EAE16A30066BDBB /* GovindarajanRakshana_hw9Tests.swift */; };
		63F156A71EAE16A30066BDBB /* GovindarajanRakshana_hw9UITests.swift in Sources */ = {isa = PBXBuildFile; fileRef = 63F156A61EAE16A30066BDBB /* GovindarajanRakshana_hw9UITests.swift */; };
		63F156AC1EAE16A30066BDBB /* GovindarajanRakshana-hw9 WatchKit App.app in Embed Watch Content */ = {isa = PBXBuildFile; fileRef = 63F156AB1EAE16A30066BDBB /* GovindarajanRakshana-hw9 WatchKit App.app */; };
		63F156B21EAE16A30066BDBB /* Interface.storyboard in Resources */ = {isa = PBXBuildFile; fileRef = 63F156B01EAE16A30066BDBB /* Interface.storyboard */; };
		63F156B41EAE16A30066BDBB /* Assets.xcassets in Resources */ = {isa = PBXBuildFile; fileRef = 63F156B31EAE16A30066BDBB /* Assets.xcassets */; };
		63F156BB1EAE16A40066BDBB /* GovindarajanRakshana-hw9 WatchKit Extension.appex in Embed App Extensions */ = {isa = PBXBuildFile; fileRef = 63F156BA1EAE16A40066BDBB /* GovindarajanRakshana-hw9 WatchKit Extension.appex */; settings = {ATTRIBUTES = (RemoveHeadersOnCopy, ); }; };
		63F156C01EAE16A40066BDBB /* InterfaceController.swift in Sources */ = {isa = PBXBuildFile; fileRef = 63F156BF1EAE16A40066BDBB /* InterfaceController.swift */; };
		63F156C21EAE16A40066BDBB /* ExtensionDelegate.swift in Sources */ = {isa = PBXBuildFile; fileRef = 63F156C11EAE16A40066BDBB /* ExtensionDelegate.swift */; };
		63F156C41EAE16A40066BDBB /* Assets.xcassets in Resources */ = {isa = PBXBuildFile; fileRef = 63F156C31EAE16A40066BDBB /* Assets.xcassets */; };
/* End PBXBuildFile section */

/* Begin PBXContainerItemProxy section */
		63F156981EAE16A30066BDBB /* PBXContainerItemProxy */ = {
			isa = PBXContainerItemProxy;
			containerPortal = 63F1567B1EAE16A20066BDBB /* Project object */;
			proxyType = 1;
			remoteGlobalIDString = 63F156821EAE16A20066BDBB;
			remoteInfo = "GovindarajanRakshana-hw9";
		};
		63F156A31EAE16A30066BDBB /* PBXContainerItemProxy */ = {
			isa = PBXContainerItemProxy;
			containerPortal = 63F1567B1EAE16A20066BDBB /* Project object */;
			proxyType = 1;
			remoteGlobalIDString = 63F156821EAE16A20066BDBB;
			remoteInfo = "GovindarajanRakshana-hw9";
		};
		63F156AD1EAE16A30066BDBB /* PBXContainerItemProxy */ = {
			isa = PBXContainerItemProxy;
			containerPortal = 63F1567B1EAE16A20066BDBB /* Project object */;
			proxyType = 1;
			remoteGlobalIDString = 63F156AA1EAE16A30066BDBB;
			remoteInfo = "GovindarajanRakshana-hw9 WatchKit App";
		};
		63F156BC1EAE16A40066BDBB /* PBXContainerItemProxy */ = {
			isa = PBXContainerItemProxy;
			containerPortal = 63F1567B1EAE16A20066BDBB /* Project object */;
			proxyType = 1;
			remoteGlobalIDString = 63F156B91EAE16A40066BDBB;
			remoteInfo = "GovindarajanRakshana-hw9 WatchKit Extension";
		};
/* End PBXContainerItemProxy section */

/* Begin PBXCopyFilesBuildPhase section */
		63F156CB1EAE16A40066BDBB /* Embed App Extensions */ = {
			isa = PBXCopyFilesBuildPhase;
			buildActionMask = 2147483647;
			dstPath = "";
			dstSubfolderSpec = 13;
			files = (
				63F156BB1EAE16A40066BDBB /* GovindarajanRakshana-hw9 WatchKit Extension.appex in Embed App Extensions */,
			);
			name = "Embed App Extensions";
			runOnlyForDeploymentPostprocessing = 0;
		};
		63F156CF1EAE16A40066BDBB /* Embed Watch Content */ = {
			isa = PBXCopyFilesBuildPhase;
			buildActionMask = 2147483647;
			dstPath = "$(CONTENTS_FOLDER_PATH)/Watch";
			dstSubfolderSpec = 16;
			files = (
				63F156AC1EAE16A30066BDBB /* GovindarajanRakshana-hw9 WatchKit App.app in Embed Watch Content */,
			);
			name = "Embed Watch Content";
			runOnlyForDeploymentPostprocessing = 0;
		};
/* End PBXCopyFilesBuildPhase section */

/* Begin PBXFileReference section */
		63F156831EAE16A20066BDBB /* GovindarajanRakshana-hw9.app */ = {isa = PBXFileReference; explicitFileType = wrapper.application; includeInIndex = 0; path = "GovindarajanRakshana-hw9.app"; sourceTree = BUILT_PRODUCTS_DIR; };
		63F156861EAE16A20066BDBB /* AppDelegate.swift */ = {isa = PBXFileReference; lastKnownFileType = sourcecode.swift; path = AppDelegate.swift; sourceTree = "<group>"; };
		63F156881EAE16A20066BDBB /* ViewController.swift */ = {isa = PBXFileReference; lastKnownFileType = sourcecode.swift; path = ViewController.swift; sourceTree = "<group>"; };
		63F1568B1EAE16A20066BDBB /* Base */ = {isa = PBXFileReference; lastKnownFileType = file.storyboard; name = Base; path = Base.lproj/Main.storyboard; sourceTree = "<group>"; };
		63F1568D1EAE16A30066BDBB /* Assets.xcassets */ = {isa = PBXFileReference; lastKnownFileType = folder.assetcatalog; path = Assets.xcassets; sourceTree = "<group>"; };
		63F156901EAE16A30066BDBB /* Base */ = {isa = PBXFileReference; lastKnownFileType = file.storyboard; name = Base; path = Base.lproj/LaunchScreen.storyboard; sourceTree = "<group>"; };
		63F156921EAE16A30066BDBB /* Info.plist */ = {isa = PBXFileReference; lastKnownFileType = text.plist.xml; path = Info.plist; sourceTree = "<group>"; };
		63F156971EAE16A30066BDBB /* GovindarajanRakshana-hw9Tests.xctest */ = {isa = PBXFileReference; explicitFileType = wrapper.cfbundle; includeInIndex = 0; path = "GovindarajanRakshana-hw9Tests.xctest"; sourceTree = BUILT_PRODUCTS_DIR; };
		63F1569B1EAE16A30066BDBB /* GovindarajanRakshana_hw9Tests.swift */ = {isa = PBXFileReference; lastKnownFileType = sourcecode.swift; path = GovindarajanRakshana_hw9Tests.swift; sourceTree = "<group>"; };
		63F1569D1EAE16A30066BDBB /* Info.plist */ = {isa = PBXFileReference; lastKnownFileType = text.plist.xml; path = Info.plist; sourceTree = "<group>"; };
		63F156A21EAE16A30066BDBB /* GovindarajanRakshana-hw9UITests.xctest */ = {isa = PBXFileReference; explicitFileType = wrapper.cfbundle; includeInIndex = 0; path = "GovindarajanRakshana-hw9UITests.xctest"; sourceTree = BUILT_PRODUCTS_DIR; };
		63F156A61EAE16A30066BDBB /* GovindarajanRakshana_hw9UITests.swift */ = {isa = PBXFileReference; lastKnownFileType = sourcecode.swift; path = GovindarajanRakshana_hw9UITests.swift; sourceTree = "<group>"; };
		63F156A81EAE16A30066BDBB /* Info.plist */ = {isa = PBXFileReference; lastKnownFileType = text.plist.xml; path = Info.plist; sourceTree = "<group>"; };
		63F156AB1EAE16A30066BDBB /* GovindarajanRakshana-hw9 WatchKit App.app */ = {isa = PBXFileReference; explicitFileType = wrapper.application; includeInIndex = 0; path = "GovindarajanRakshana-hw9 WatchKit App.app"; sourceTree = BUILT_PRODUCTS_DIR; };
		63F156B11EAE16A30066BDBB /* Base */ = {isa = PBXFileReference; lastKnownFileType = file.storyboard; name = Base; path = Base.lproj/Interface.storyboard; sourceTree = "<group>"; };
		63F156B31EAE16A30066BDBB /* Assets.xcassets */ = {isa = PBXFileReference; lastKnownFileType = folder.assetcatalog; path = Assets.xcassets; sourceTree = "<group>"; };
		63F156B51EAE16A30066BDBB /* Info.plist */ = {isa = PBXFileReference; lastKnownFileType = text.plist.xml; path = Info.plist; sourceTree = "<group>"; };
		63F156BA1EAE16A40066BDBB /* GovindarajanRakshana-hw9 WatchKit Extension.appex */ = {isa = PBXFileReference; explicitFileType = "wrapper.app-extension"; includeInIndex = 0; path = "GovindarajanRakshana-hw9 WatchKit Extension.appex"; sourceTree = BUILT_PRODUCTS_DIR; };
		63F156BF1EAE16A40066BDBB /* InterfaceController.swift */ = {isa = PBXFileReference; lastKnownFileType = sourcecode.swift; path = InterfaceController.swift; sourceTree = "<group>"; };
		63F156C11EAE16A40066BDBB /* ExtensionDelegate.swift */ = {isa = PBXFileReference; lastKnownFileType = sourcecode.swift; path = ExtensionDelegate.swift; sourceTree = "<group>"; };
		63F156C31EAE16A40066BDBB /* Assets.xcassets */ = {isa = PBXFileReference; lastKnownFileType = folder.assetcatalog; path = Assets.xcassets; sourceTree = "<group>"; };
		63F156C51EAE16A40066BDBB /* Info.plist */ = {isa = PBXFileReference; lastKnownFileType = text.plist.xml; path = Info.plist; sourceTree = "<group>"; };
/* End PBXFileReference section */

/* Begin PBXFrameworksBuildPhase section */
		63F156801EAE16A20066BDBB /* Frameworks */ = {
			isa = PBXFrameworksBuildPhase;
			buildActionMask = 2147483647;
			files = (
			);
			runOnlyForDeploymentPostprocessing = 0;
		};
		63F156941EAE16A30066BDBB /* Frameworks */ = {
			isa = PBXFrameworksBuildPhase;
			buildActionMask = 2147483647;
			files = (
			);
			runOnlyForDeploymentPostprocessing = 0;
		};
		63F1569F1EAE16A30066BDBB /* Frameworks */ = {
			isa = PBXFrameworksBuildPhase;
			buildActionMask = 2147483647;
			files = (
			);
			runOnlyForDeploymentPostprocessing = 0;
		};
		63F156B71EAE16A40066BDBB /* Frameworks */ = {
			isa = PBXFrameworksBuildPhase;
			buildActionMask = 2147483647;
			files = (
			);
			runOnlyForDeploymentPostprocessing = 0;
		};
/* End PBXFrameworksBuildPhase section */

/* Begin PBXGroup section */
		63F1567A1EAE16A20066BDBB = {
			isa = PBXGroup;
			children = (
				63F156851EAE16A20066BDBB /* GovindarajanRakshana-hw9 */,
				63F1569A1EAE16A30066BDBB /* GovindarajanRakshana-hw9Tests */,
				63F156A51EAE16A30066BDBB /* GovindarajanRakshana-hw9UITests */,
				63F156AF1EAE16A30066BDBB /* GovindarajanRakshana-hw9 WatchKit App */,
				63F156BE1EAE16A40066BDBB /* GovindarajanRakshana-hw9 WatchKit Extension */,
				63F156841EAE16A20066BDBB /* Products */,
			);
			sourceTree = "<group>";
		};
		63F156841EAE16A20066BDBB /* Products */ = {
			isa = PBXGroup;
			children = (
				63F156831EAE16A20066BDBB /* GovindarajanRakshana-hw9.app */,
				63F156971EAE16A30066BDBB /* GovindarajanRakshana-hw9Tests.xctest */,
				63F156A21EAE16A30066BDBB /* GovindarajanRakshana-hw9UITests.xctest */,
				63F156AB1EAE16A30066BDBB /* GovindarajanRakshana-hw9 WatchKit App.app */,
				63F156BA1EAE16A40066BDBB /* GovindarajanRakshana-hw9 WatchKit Extension.appex */,
			);
			name = Products;
			sourceTree = "<group>";
		};
		63F156851EAE16A20066BDBB /* GovindarajanRakshana-hw9 */ = {
			isa = PBXGroup;
			children = (
				63F156861EAE16A20066BDBB /* AppDelegate.swift */,
				63F156881EAE16A20066BDBB /* ViewController.swift */,
				63F1568A1EAE16A20066BDBB /* Main.storyboard */,
				63F1568D1EAE16A30066BDBB /* Assets.xcassets */,
				63F1568F1EAE16A30066BDBB /* LaunchScreen.storyboard */,
				63F156921EAE16A30066BDBB /* Info.plist */,
			);
			path = "GovindarajanRakshana-hw9";
			sourceTree = "<group>";
		};
		63F1569A1EAE16A30066BDBB /* GovindarajanRakshana-hw9Tests */ = {
			isa = PBXGroup;
			children = (
				63F1569B1EAE16A30066BDBB /* GovindarajanRakshana_hw9Tests.swift */,
				63F1569D1EAE16A30066BDBB /* Info.plist */,
			);
			path = "GovindarajanRakshana-hw9Tests";
			sourceTree = "<group>";
		};
		63F156A51EAE16A30066BDBB /* GovindarajanRakshana-hw9UITests */ = {
			isa = PBXGroup;
			children = (
				63F156A61EAE16A30066BDBB /* GovindarajanRakshana_hw9UITests.swift */,
				63F156A81EAE16A30066BDBB /* Info.plist */,
			);
			path = "GovindarajanRakshana-hw9UITests";
			sourceTree = "<group>";
		};
		63F156AF1EAE16A30066BDBB /* GovindarajanRakshana-hw9 WatchKit App */ = {
			isa = PBXGroup;
			children = (
				63F156B01EAE16A30066BDBB /* Interface.storyboard */,
				63F156B31EAE16A30066BDBB /* Assets.xcassets */,
				63F156B51EAE16A30066BDBB /* Info.plist */,
			);
			path = "GovindarajanRakshana-hw9 WatchKit App";
			sourceTree = "<group>";
		};
		63F156BE1EAE16A40066BDBB /* GovindarajanRakshana-hw9 WatchKit Extension */ = {
			isa = PBXGroup;
			children = (
				63F156BF1EAE16A40066BDBB /* InterfaceController.swift */,
				63F156C11EAE16A40066BDBB /* ExtensionDelegate.swift */,
				63F156C31EAE16A40066BDBB /* Assets.xcassets */,
				63F156C51EAE16A40066BDBB /* Info.plist */,
			);
			path = "GovindarajanRakshana-hw9 WatchKit Extension";
			sourceTree = "<group>";
		};
/* End PBXGroup section */

/* Begin PBXNativeTarget section */
		63F156821EAE16A20066BDBB /* GovindarajanRakshana-hw9 */ = {
			isa = PBXNativeTarget;
			buildConfigurationList = 63F156D01EAE16A40066BDBB /* Build configuration list for PBXNativeTarget "GovindarajanRakshana-hw9" */;
			buildPhases = (
				63F1567F1EAE16A20066BDBB /* Sources */,
				63F156801EAE16A20066BDBB /* Frameworks */,
				63F156811EAE16A20066BDBB /* Resources */,
				63F156CF1EAE16A40066BDBB /* Embed Watch Content */,
			);
			buildRules = (
			);
			dependencies = (
				63F156AE1EAE16A30066BDBB /* PBXTargetDependency */,
			);
			name = "GovindarajanRakshana-hw9";
			productName = "GovindarajanRakshana-hw9";
			productReference = 63F156831EAE16A20066BDBB /* GovindarajanRakshana-hw9.app */;
			productType = "com.apple.product-type.application";
		};
		63F156961EAE16A30066BDBB /* GovindarajanRakshana-hw9Tests */ = {
			isa = PBXNativeTarget;
			buildConfigurationList = 63F156D31EAE16A40066BDBB /* Build configuration list for PBXNativeTarget "GovindarajanRakshana-hw9Tests" */;
			buildPhases = (
				63F156931EAE16A30066BDBB /* Sources */,
				63F156941EAE16A30066BDBB /* Frameworks */,
				63F156951EAE16A30066BDBB /* Resources */,
			);
			buildRules = (
			);
			dependencies = (
				63F156991EAE16A30066BDBB /* PBXTargetDependency */,
			);
			name = "GovindarajanRakshana-hw9Tests";
			productName = "GovindarajanRakshana-hw9Tests";
			productReference = 63F156971EAE16A30066BDBB /* GovindarajanRakshana-hw9Tests.xctest */;
			productType = "com.apple.product-type.bundle.unit-test";
		};
		63F156A11EAE16A30066BDBB /* GovindarajanRakshana-hw9UITests */ = {
			isa = PBXNativeTarget;
			buildConfigurationList = 63F156D61EAE16A40066BDBB /* Build configuration list for PBXNativeTarget "GovindarajanRakshana-hw9UITests" */;
			buildPhases = (
				63F1569E1EAE16A30066BDBB /* Sources */,
				63F1569F1EAE16A30066BDBB /* Frameworks */,
				63F156A01EAE16A30066BDBB /* Resources */,
			);
			buildRules = (
			);
			dependencies = (
				63F156A41EAE16A30066BDBB /* PBXTargetDependency */,
			);
			name = "GovindarajanRakshana-hw9UITests";
			productName = "GovindarajanRakshana-hw9UITests";
			productReference = 63F156A21EAE16A30066BDBB /* GovindarajanRakshana-hw9UITests.xctest */;
			productType = "com.apple.product-type.bundle.ui-testing";
		};
		63F156AA1EAE16A30066BDBB /* GovindarajanRakshana-hw9 WatchKit App */ = {
			isa = PBXNativeTarget;
			buildConfigurationList = 63F156CC1EAE16A40066BDBB /* Build configuration list for PBXNativeTarget "GovindarajanRakshana-hw9 WatchKit App" */;
			buildPhases = (
				63F156A91EAE16A30066BDBB /* Resources */,
				63F156CB1EAE16A40066BDBB /* Embed App Extensions */,
			);
			buildRules = (
			);
			dependencies = (
				63F156BD1EAE16A40066BDBB /* PBXTargetDependency */,
			);
			name = "GovindarajanRakshana-hw9 WatchKit App";
			productName = "GovindarajanRakshana-hw9 WatchKit App";
			productReference = 63F156AB1EAE16A30066BDBB /* GovindarajanRakshana-hw9 WatchKit App.app */;
			productType = "com.apple.product-type.application.watchapp2";
		};
		63F156B91EAE16A40066BDBB /* GovindarajanRakshana-hw9 WatchKit Extension */ = {
			isa = PBXNativeTarget;
			buildConfigurationList = 63F156C81EAE16A40066BDBB /* Build configuration list for PBXNativeTarget "GovindarajanRakshana-hw9 WatchKit Extension" */;
			buildPhases = (
				63F156B61EAE16A40066BDBB /* Sources */,
				63F156B71EAE16A40066BDBB /* Frameworks */,
				63F156B81EAE16A40066BDBB /* Resources */,
			);
			buildRules = (
			);
			dependencies = (
			);
			name = "GovindarajanRakshana-hw9 WatchKit Extension";
			productName = "GovindarajanRakshana-hw9 WatchKit Extension";
			productReference = 63F156BA1EAE16A40066BDBB /* GovindarajanRakshana-hw9 WatchKit Extension.appex */;
			productType = "com.apple.product-type.watchkit2-extension";
		};
/* End PBXNativeTarget section */

/* Begin PBXProject section */
		63F1567B1EAE16A20066BDBB /* Project object */ = {
			isa = PBXProject;
			attributes = {
				LastSwiftUpdateCheck = 0820;
				LastUpgradeCheck = 0820;
				ORGANIZATIONNAME = "Rakshana Govindarajan";
				TargetAttributes = {
					63F156821EAE16A20066BDBB = {
						CreatedOnToolsVersion = 8.2.1;
						ProvisioningStyle = Automatic;
					};
					63F156961EAE16A30066BDBB = {
						CreatedOnToolsVersion = 8.2.1;
						ProvisioningStyle = Automatic;
						TestTargetID = 63F156821EAE16A20066BDBB;
					};
					63F156A11EAE16A30066BDBB = {
						CreatedOnToolsVersion = 8.2.1;
						ProvisioningStyle = Automatic;
						TestTargetID = 63F156821EAE16A20066BDBB;
					};
					63F156AA1EAE16A30066BDBB = {
						CreatedOnToolsVersion = 8.2.1;
						ProvisioningStyle = Automatic;
					};
					63F156B91EAE16A40066BDBB = {
						CreatedOnToolsVersion = 8.2.1;
						ProvisioningStyle = Automatic;
					};
				};
			};
			buildConfigurationList = 63F1567E1EAE16A20066BDBB /* Build configuration list for PBXProject "GovindarajanRakshana-hw9" */;
			compatibilityVersion = "Xcode 3.2";
			developmentRegion = English;
			hasScannedForEncodings = 0;
			knownRegions = (
				en,
				Base,
			);
			mainGroup = 63F1567A1EAE16A20066BDBB;
			productRefGroup = 63F156841EAE16A20066BDBB /* Products */;
			projectDirPath = "";
			projectRoot = "";
			targets = (
				63F156821EAE16A20066BDBB /* GovindarajanRakshana-hw9 */,
				63F156961EAE16A30066BDBB /* GovindarajanRakshana-hw9Tests */,
				63F156A11EAE16A30066BDBB /* GovindarajanRakshana-hw9UITests */,
				63F156AA1EAE16A30066BDBB /* GovindarajanRakshana-hw9 WatchKit App */,
				63F156B91EAE16A40066BDBB /* GovindarajanRakshana-hw9 WatchKit Extension */,
			);
		};
/* End PBXProject section */

/* Begin PBXResourcesBuildPhase section */
		63F156811EAE16A20066BDBB /* Resources */ = {
			isa = PBXResourcesBuildPhase;
			buildActionMask = 2147483647;
			files = (
				63F156911EAE16A30066BDBB /* LaunchScreen.storyboard in Resources */,
				63F1568E1EAE16A30066BDBB /* Assets.xcassets in Resources */,
				63F1568C1EAE16A20066BDBB /* Main.storyboard in Resources */,
			);
			runOnlyForDeploymentPostprocessing = 0;
		};
		63F156951EAE16A30066BDBB /* Resources */ = {
			isa = PBXResourcesBuildPhase;
			buildActionMask = 2147483647;
			files = (
			);
			runOnlyForDeploymentPostprocessing = 0;
		};
		63F156A01EAE16A30066BDBB /* Resources */ = {
			isa = PBXResourcesBuildPhase;
			buildActionMask = 2147483647;
			files = (
			);
			runOnlyForDeploymentPostprocessing = 0;
		};
		63F156A91EAE16A30066BDBB /* Resources */ = {
			isa = PBXResourcesBuildPhase;
			buildActionMask = 2147483647;
			files = (
				63F156B41EAE16A30066BDBB /* Assets.xcassets in Resources */,
				63F156B21EAE16A30066BDBB /* Interface.storyboard in Resources */,
			);
			runOnlyForDeploymentPostprocessing = 0;
		};
		63F156B81EAE16A40066BDBB /* Resources */ = {
			isa = PBXResourcesBuildPhase;
			buildActionMask = 2147483647;
			files = (
				63F156C41EAE16A40066BDBB /* Assets.xcassets in Resources */,
			);
			runOnlyForDeploymentPostprocessing = 0;
		};
/* End PBXResourcesBuildPhase section */

/* Begin PBXSourcesBuildPhase section */
		63F1567F1EAE16A20066BDBB /* Sources */ = {
			isa = PBXSourcesBuildPhase;
			buildActionMask = 2147483647;
			files = (
				63F156891EAE16A20066BDBB /* ViewController.swift in Sources */,
				63F156871EAE16A20066BDBB /* AppDelegate.swift in Sources */,
			);
			runOnlyForDeploymentPostprocessing = 0;
		};
		63F156931EAE16A30066BDBB /* Sources */ = {
			isa = PBXSourcesBuildPhase;
			buildActionMask = 2147483647;
			files = (
				63F1569C1EAE16A30066BDBB /* GovindarajanRakshana_hw9Tests.swift in Sources */,
			);
			runOnlyForDeploymentPostprocessing = 0;
		};
		63F1569E1EAE16A30066BDBB /* Sources */ = {
			isa = PBXSourcesBuildPhase;
			buildActionMask = 2147483647;
			files = (
				63F156A71EAE16A30066BDBB /* GovindarajanRakshana_hw9UITests.swift in Sources */,
			);
			runOnlyForDeploymentPostprocessing = 0;
		};
		63F156B61EAE16A40066BDBB /* Sources */ = {
			isa = PBXSourcesBuildPhase;
			buildActionMask = 2147483647;
			files = (
				63F156C21EAE16A40066BDBB /* ExtensionDelegate.swift in Sources */,
				63F156C01EAE16A40066BDBB /* InterfaceController.swift in Sources */,
			);
			runOnlyForDeploymentPostprocessing = 0;
		};
/* End PBXSourcesBuildPhase section */

/* Begin PBXTargetDependency section */
		63F156991EAE16A30066BDBB /* PBXTargetDependency */ = {
			isa = PBXTargetDependency;
			target = 63F156821EAE16A20066BDBB /* GovindarajanRakshana-hw9 */;
			targetProxy = 63F156981EAE16A30066BDBB /* PBXContainerItemProxy */;
		};
		63F156A41EAE16A30066BDBB /* PBXTargetDependency */ = {
			isa = PBXTargetDependency;
			target = 63F156821EAE16A20066BDBB /* GovindarajanRakshana-hw9 */;
			targetProxy = 63F156A31EAE16A30066BDBB /* PBXContainerItemProxy */;
		};
		63F156AE1EAE16A30066BDBB /* PBXTargetDependency */ = {
			isa = PBXTargetDependency;
			target = 63F156AA1EAE16A30066BDBB /* GovindarajanRakshana-hw9 WatchKit App */;
			targetProxy = 63F156AD1EAE16A30066BDBB /* PBXContainerItemProxy */;
		};
		63F156BD1EAE16A40066BDBB /* PBXTargetDependency */ = {
			isa = PBXTargetDependency;
			target = 63F156B91EAE16A40066BDBB /* GovindarajanRakshana-hw9 WatchKit Extension */;
			targetProxy = 63F156BC1EAE16A40066BDBB /* PBXContainerItemProxy */;
		};
/* End PBXTargetDependency section */

/* Begin PBXVariantGroup section */
		63F1568A1EAE16A20066BDBB /* Main.storyboard */ = {
			isa = PBXVariantGroup;
			children = (
				63F1568B1EAE16A20066BDBB /* Base */,
			);
			name = Main.storyboard;
			sourceTree = "<group>";
		};
		63F1568F1EAE16A30066BDBB /* LaunchScreen.storyboard */ = {
			isa = PBXVariantGroup;
			children = (
				63F156901EAE16A30066BDBB /* Base */,
			);
			name = LaunchScreen.storyboard;
			sourceTree = "<group>";
		};
		63F156B01EAE16A30066BDBB /* Interface.storyboard */ = {
			isa = PBXVariantGroup;
			children = (
				63F156B11EAE16A30066BDBB /* Base */,
			);
			name = Interface.storyboard;
			sourceTree = "<group>";
		};
/* End PBXVariantGroup section */

/* Begin XCBuildConfiguration section */
		63F156C61EAE16A40066BDBB /* Debug */ = {
			isa = XCBuildConfiguration;
			buildSettings = {
				ALWAYS_SEARCH_USER_PATHS = NO;
				CLANG_ANALYZER_NONNULL = YES;
				CLANG_CXX_LANGUAGE_STANDARD = "gnu++0x";
				CLANG_CXX_LIBRARY = "libc++";
				CLANG_ENABLE_MODULES = YES;
				CLANG_ENABLE_OBJC_ARC = YES;
				CLANG_WARN_BOOL_CONVERSION = YES;
				CLANG_WARN_CONSTANT_CONVERSION = YES;
				CLANG_WARN_DIRECT_OBJC_ISA_USAGE = YES_ERROR;
				CLANG_WARN_DOCUMENTATION_COMMENTS = YES;
				CLANG_WARN_EMPTY_BODY = YES;
				CLANG_WARN_ENUM_CONVERSION = YES;
				CLANG_WARN_INFINITE_RECURSION = YES;
				CLANG_WARN_INT_CONVERSION = YES;
				CLANG_WARN_OBJC_ROOT_CLASS = YES_ERROR;
				CLANG_WARN_SUSPICIOUS_MOVE = YES;
				CLANG_WARN_UNREACHABLE_CODE = YES;
				CLANG_WARN__DUPLICATE_METHOD_MATCH = YES;
				"CODE_SIGN_IDENTITY[sdk=iphoneos*]" = "iPhone Developer";
				COPY_PHASE_STRIP = NO;
				DEBUG_INFORMATION_FORMAT = dwarf;
				ENABLE_STRICT_OBJC_MSGSEND = YES;
				ENABLE_TESTABILITY = YES;
				GCC_C_LANGUAGE_STANDARD = gnu99;
				GCC_DYNAMIC_NO_PIC = NO;
				GCC_NO_COMMON_BLOCKS = YES;
				GCC_OPTIMIZATION_LEVEL = 0;
				GCC_PREPROCESSOR_DEFINITIONS = (
					"DEBUG=1",
					"$(inherited)",
				);
				GCC_WARN_64_TO_32_BIT_CONVERSION = YES;
				GCC_WARN_ABOUT_RETURN_TYPE = YES_ERROR;
				GCC_WARN_UNDECLARED_SELECTOR = YES;
				GCC_WARN_UNINITIALIZED_AUTOS = YES_AGGRESSIVE;
				GCC_WARN_UNUSED_FUNCTION = YES;
				GCC_WARN_UNUSED_VARIABLE = YES;
				IPHONEOS_DEPLOYMENT_TARGET = 10.2;
				MTL_ENABLE_DEBUG_INFO = YES;
				ONLY_ACTIVE_ARCH = YES;
				SDKROOT = iphoneos;
				SWIFT_ACTIVE_COMPILATION_CONDITIONS = DEBUG;
				SWIFT_OPTIMIZATION_LEVEL = "-Onone";
			};
			name = Debug;
		};
		63F156C71EAE16A40066BDBB /* Release */ = {
			isa = XCBuildConfiguration;
			buildSettings = {
				ALWAYS_SEARCH_USER_PATHS = NO;
				CLANG_ANALYZER_NONNULL = YES;
				CLANG_CXX_LANGUAGE_STANDARD = "gnu++0x";
				CLANG_CXX_LIBRARY = "libc++";
				CLANG_ENABLE_MODULES = YES;
				CLANG_ENABLE_OBJC_ARC = YES;
				CLANG_WARN_BOOL_CONVERSION = YES;
				CLANG_WARN_CONSTANT_CONVERSION = YES;
				CLANG_WARN_DIRECT_OBJC_ISA_USAGE = YES_ERROR;
				CLANG_WARN_DOCUMENTATION_COMMENTS = YES;
				CLANG_WARN_EMPTY_BODY = YES;
				CLANG_WARN_ENUM_CONVERSION = YES;
				CLANG_WARN_INFINITE_RECURSION = YES;
				CLANG_WARN_INT_CONVERSION = YES;
				CLANG_WARN_OBJC_ROOT_CLASS = YES_ERROR;
				CLANG_WARN_SUSPICIOUS_MOVE = YES;
				CLANG_WARN_UNREACHABLE_CODE = YES;
				CLANG_WARN__DUPLICATE_METHOD_MATCH = YES;
				"CODE_SIGN_IDENTITY[sdk=iphoneos*]" = "iPhone Developer";
				COPY_PHASE_STRIP = NO;
				DEBUG_INFORMATION_FORMAT = "dwarf-with-dsym";
				ENABLE_NS_ASSERTIONS = NO;
				ENABLE_STRICT_OBJC_MSGSEND = YES;
				GCC_C_LANGUAGE_STANDARD = gnu99;
				GCC_NO_COMMON_BLOCKS = YES;
				GCC_WARN_64_TO_32_BIT_CONVERSION = YES;
				GCC_WARN_ABOUT_RETURN_TYPE = YES_ERROR;
				GCC_WARN_UNDECLARED_SELECTOR = YES;
				GCC_WARN_UNINITIALIZED_AUTOS = YES_AGGRESSIVE;
				GCC_WARN_UNUSED_FUNCTION = YES;
				GCC_WARN_UNUSED_VARIABLE = YES;
				IPHONEOS_DEPLOYMENT_TARGET = 10.2;
				MTL_ENABLE_DEBUG_INFO = NO;
				SDKROOT = iphoneos;
				SWIFT_OPTIMIZATION_LEVEL = "-Owholemodule";
				VALIDATE_PRODUCT = YES;
			};
			name = Release;
		};
		63F156C91EAE16A40066BDBB /* Debug */ = {
			isa = XCBuildConfiguration;
			buildSettings = {
				ASSETCATALOG_COMPILER_COMPLICATION_NAME = Complication;
				INFOPLIST_FILE = "GovindarajanRakshana-hw9 WatchKit Extension/Info.plist";
				LD_RUNPATH_SEARCH_PATHS = "$(inherited) @executable_path/Frameworks @executable_path/../../Frameworks";
				PRODUCT_BUNDLE_IDENTIFIER = "com.cs378.GovindarajanRakshana-hw9.watchkitapp.watchkitextension";
				PRODUCT_NAME = "${TARGET_NAME}";
				SDKROOT = watchos;
				SKIP_INSTALL = YES;
				SWIFT_VERSION = 3.0;
				TARGETED_DEVICE_FAMILY = 4;
				WATCHOS_DEPLOYMENT_TARGET = 3.1;
			};
			name = Debug;
		};
		63F156CA1EAE16A40066BDBB /* Release */ = {
			isa = XCBuildConfiguration;
			buildSettings = {
				ASSETCATALOG_COMPILER_COMPLICATION_NAME = Complication;
				INFOPLIST_FILE = "GovindarajanRakshana-hw9 WatchKit Extension/Info.plist";
				LD_RUNPATH_SEARCH_PATHS = "$(inherited) @executable_path/Frameworks @executable_path/../../Frameworks";
				PRODUCT_BUNDLE_IDENTIFIER = "com.cs378.GovindarajanRakshana-hw9.watchkitapp.watchkitextension";
				PRODUCT_NAME = "${TARGET_NAME}";
				SDKROOT = watchos;
				SKIP_INSTALL = YES;
				SWIFT_VERSION = 3.0;
				TARGETED_DEVICE_FAMILY = 4;
				WATCHOS_DEPLOYMENT_TARGET = 3.1;
			};
			name = Release;
		};
		63F156CD1EAE16A40066BDBB /* Debug */ = {
			isa = XCBuildConfiguration;
			buildSettings = {
				ALWAYS_EMBED_SWIFT_STANDARD_LIBRARIES = YES;
				ASSETCATALOG_COMPILER_APPICON_NAME = AppIcon;
				IBSC_MODULE = GovindarajanRakshana_hw9_WatchKit_Extension;
				INFOPLIST_FILE = "GovindarajanRakshana-hw9 WatchKit App/Info.plist";
				PRODUCT_BUNDLE_IDENTIFIER = "com.cs378.GovindarajanRakshana-hw9.watchkitapp";
				PRODUCT_NAME = "$(TARGET_NAME)";
				SDKROOT = watchos;
				SKIP_INSTALL = YES;
				SWIFT_VERSION = 3.0;
				TARGETED_DEVICE_FAMILY = 4;
				WATCHOS_DEPLOYMENT_TARGET = 3.1;
			};
			name = Debug;
		};
		63F156CE1EAE16A40066BDBB /* Release */ = {
			isa = XCBuildConfiguration;
			buildSettings = {
				ALWAYS_EMBED_SWIFT_STANDARD_LIBRARIES = YES;
				ASSETCATALOG_COMPILER_APPICON_NAME = AppIcon;
				IBSC_MODULE = GovindarajanRakshana_hw9_WatchKit_Extension;
				INFOPLIST_FILE = "GovindarajanRakshana-hw9 WatchKit App/Info.plist";
				PRODUCT_BUNDLE_IDENTIFIER = "com.cs378.GovindarajanRakshana-hw9.watchkitapp";
				PRODUCT_NAME = "$(TARGET_NAME)";
				SDKROOT = watchos;
				SKIP_INSTALL = YES;
				SWIFT_VERSION = 3.0;
				TARGETED_DEVICE_FAMILY = 4;
				WATCHOS_DEPLOYMENT_TARGET = 3.1;
			};
			name = Release;
		};
		63F156D11EAE16A40066BDBB /* Debug */ = {
			isa = XCBuildConfiguration;
			buildSettings = {
				ASSETCATALOG_COMPILER_APPICON_NAME = AppIcon;
				INFOPLIST_FILE = "GovindarajanRakshana-hw9/Info.plist";
				LD_RUNPATH_SEARCH_PATHS = "$(inherited) @executable_path/Frameworks";
				PRODUCT_BUNDLE_IDENTIFIER = "com.cs378.GovindarajanRakshana-hw9";
				PRODUCT_NAME = "$(TARGET_NAME)";
				SWIFT_VERSION = 3.0;
			};
			name = Debug;
		};
		63F156D21EAE16A40066BDBB /* Release */ = {
			isa = XCBuildConfiguration;
			buildSettings = {
				ASSETCATALOG_COMPILER_APPICON_NAME = AppIcon;
				INFOPLIST_FILE = "GovindarajanRakshana-hw9/Info.plist";
				LD_RUNPATH_SEARCH_PATHS = "$(inherited) @executable_path/Frameworks";
				PRODUCT_BUNDLE_IDENTIFIER = "com.cs378.GovindarajanRakshana-hw9";
				PRODUCT_NAME = "$(TARGET_NAME)";
				SWIFT_VERSION = 3.0;
			};
			name = Release;
		};
		63F156D41EAE16A40066BDBB /* Debug */ = {
			isa = XCBuildConfiguration;
			buildSettings = {
				ALWAYS_EMBED_SWIFT_STANDARD_LIBRARIES = YES;
				BUNDLE_LOADER = "$(TEST_HOST)";
				INFOPLIST_FILE = "GovindarajanRakshana-hw9Tests/Info.plist";
				LD_RUNPATH_SEARCH_PATHS = "$(inherited) @executable_path/Frameworks @loader_path/Frameworks";
				PRODUCT_BUNDLE_IDENTIFIER = "com.cs378.GovindarajanRakshana-hw9Tests";
				PRODUCT_NAME = "$(TARGET_NAME)";
				SWIFT_VERSION = 3.0;
				TEST_HOST = "$(BUILT_PRODUCTS_DIR)/GovindarajanRakshana-hw9.app/GovindarajanRakshana-hw9";
			};
			name = Debug;
		};
		63F156D51EAE16A40066BDBB /* Release */ = {
			isa = XCBuildConfiguration;
			buildSettings = {
				ALWAYS_EMBED_SWIFT_STANDARD_LIBRARIES = YES;
				BUNDLE_LOADER = "$(TEST_HOST)";
				INFOPLIST_FILE = "GovindarajanRakshana-hw9Tests/Info.plist";
				LD_RUNPATH_SEARCH_PATHS = "$(inherited) @executable_path/Frameworks @loader_path/Frameworks";
				PRODUCT_BUNDLE_IDENTIFIER = "com.cs378.GovindarajanRakshana-hw9Tests";
				PRODUCT_NAME = "$(TARGET_NAME)";
				SWIFT_VERSION = 3.0;
				TEST_HOST = "$(BUILT_PRODUCTS_DIR)/GovindarajanRakshana-hw9.app/GovindarajanRakshana-hw9";
			};
			name = Release;
		};
		63F156D71EAE16A40066BDBB /* Debug */ = {
			isa = XCBuildConfiguration;
			buildSettings = {
				ALWAYS_EMBED_SWIFT_STANDARD_LIBRARIES = YES;
				INFOPLIST_FILE = "GovindarajanRakshana-hw9UITests/Info.plist";
				LD_RUNPATH_SEARCH_PATHS = "$(inherited) @executable_path/Frameworks @loader_path/Frameworks";
				PRODUCT_BUNDLE_IDENTIFIER = "com.cs378.GovindarajanRakshana-hw9UITests";
				PRODUCT_NAME = "$(TARGET_NAME)";
				SWIFT_VERSION = 3.0;
				TEST_TARGET_NAME = "GovindarajanRakshana-hw9";
			};
			name = Debug;
		};
		63F156D81EAE16A40066BDBB /* Release */ = {
			isa = XCBuildConfiguration;
			buildSettings = {
				ALWAYS_EMBED_SWIFT_STANDARD_LIBRARIES = YES;
				INFOPLIST_FILE = "GovindarajanRakshana-hw9UITests/Info.plist";
				LD_RUNPATH_SEARCH_PATHS = "$(inherited) @executable_path/Frameworks @loader_path/Frameworks";
				PRODUCT_BUNDLE_IDENTIFIER = "com.cs378.GovindarajanRakshana-hw9UITests";
				PRODUCT_NAME = "$(TARGET_NAME)";
				SWIFT_VERSION = 3.0;
				TEST_TARGET_NAME = "GovindarajanRakshana-hw9";
			};
			name = Release;
		};
/* End XCBuildConfiguration section */

/* Begin XCConfigurationList section */
		63F1567E1EAE16A20066BDBB /* Build configuration list for PBXProject "GovindarajanRakshana-hw9" */ = {
			isa = XCConfigurationList;
			buildConfigurations = (
				63F156C61EAE16A40066BDBB /* Debug */,
				63F156C71EAE16A40066BDBB /* Release */,
			);
			defaultConfigurationIsVisible = 0;
			defaultConfigurationName = Release;
		};
		63F156C81EAE16A40066BDBB /* Build configuration list for PBXNativeTarget "GovindarajanRakshana-hw9 WatchKit Extension" */ = {
			isa = XCConfigurationList;
			buildConfigurations = (
				63F156C91EAE16A40066BDBB /* Debug */,
				63F156CA1EAE16A40066BDBB /* Release */,
			);
			defaultConfigurationIsVisible = 0;
		};
		63F156CC1EAE16A40066BDBB /* Build configuration list for PBXNativeTarget "GovindarajanRakshana-hw9 WatchKit App" */ = {
			isa = XCConfigurationList;
			buildConfigurations = (
				63F156CD1EAE16A40066BDBB /* Debug */,
				63F156CE1EAE16A40066BDBB /* Release */,
			);
			defaultConfigurationIsVisible = 0;
		};
		63F156D01EAE16A40066BDBB /* Build configuration list for PBXNativeTarget "GovindarajanRakshana-hw9" */ = {
			isa = XCConfigurationList;
			buildConfigurations = (
				63F156D11EAE16A40066BDBB /* Debug */,
				63F156D21EAE16A40066BDBB /* Release */,
			);
			defaultConfigurationIsVisible = 0;
		};
		63F156D31EAE16A40066BDBB /* Build configuration list for PBXNativeTarget "GovindarajanRakshana-hw9Tests" */ = {
			isa = XCConfigurationList;
			buildConfigurations = (
				63F156D41EAE16A40066BDBB /* Debug */,
				63F156D51EAE16A40066BDBB /* Release */,
			);
			defaultConfigurationIsVisible = 0;
		};
		63F156D61EAE16A40066BDBB /* Build configuration list for PBXNativeTarget "GovindarajanRakshana-hw9UITests" */ = {
			isa = XCConfigurationList;
			buildConfigurations = (
				63F156D71EAE16A40066BDBB /* Debug */,
				63F156D81EAE16A40066BDBB /* Release */,
			);
			defaultConfigurationIsVisible = 0;
		};
/* End XCConfigurationList section */
	};
	rootObject = 63F1567B1EAE16A20066BDBB /* Project object */;
}
